
Microsoft Visual Studio Solution File, Format Version 11.00
# Visual Studio 2010
Project("{FAE04EC0-301F-11D3-BF4B-00C04F79EFBC}") = "UnityEngine.UI", "UnityEngine.UI.csproj", "{7bd9252a-543c-1d1d-e4bf-e6a80429c115}"
EndProject
Project("{FAE04EC0-301F-11D3-BF4B-00C04F79EFBC}") = "Unity.RenderPipelines.Core.Runtime", "Unity.RenderPipelines.Core.Runtime.csproj", "{87327fcc-e02f-4ce6-1b16-e4f7180129d2}"
EndProject
Project("{FAE04EC0-301F-11D3-BF4B-00C04F79EFBC}") = "Assembly-CSharp", "Assembly-CSharp.csproj", "{fdaa2147-5027-67dc-7faf-798137e2e045}"
EndProject
Project("{FAE04EC0-301F-11D3-BF4B-00C04F79EFBC}") = "Unity.RenderPipelines.Universal.Runtime", "Unity.RenderPipelines.Universal.Runtime.csproj", "{ca5a7e59-dbe5-6216-8a4e-fdbad3880936}"
EndProject
Project("{FAE04EC0-301F-11D3-BF4B-00C04F79EFBC}") = "Unity.RenderPipeline.Universal.ShaderLibrary", "Unity.RenderPipeline.Universal.ShaderLibrary.csproj", "{fcfc186e-3ff6-7e25-af09-b273c625e32e}"
EndProject
Project("{FAE04EC0-301F-11D3-BF4B-00C04F79EFBC}") = "Unity.RenderPipelines.Core.ShaderLibrary", "Unity.RenderPipelines.Core.ShaderLibrary.csproj", "{21413969-1aec-0bde-8358-9918d2ee83a3}"
EndProject
Project("{FAE04EC0-301F-11D3-BF4B-00C04F79EFBC}") = "ColoredHeaderCreator", "ColoredHeaderCreator.csproj", "{de04d854-315f-d813-bc5f-257a891024e0}"
EndProject
Project("{FAE04EC0-301F-11D3-BF4B-00C04F79EFBC}") = "Unity.RenderPipelines.Universal.Shaders", "Unity.RenderPipelines.Universal.Shaders.csproj", "{593285fe-8ba2-e28c-4410-e57dbc1b9a7b}"
EndProject
Project("{FAE04EC0-301F-11D3-BF4B-00C04F79EFBC}") = "Unity.RenderPipelines.ShaderGraph.ShaderGraphLibrary", "Unity.RenderPipelines.ShaderGraph.ShaderGraphLibrary.csproj", "{d0981ec6-854b-bbee-77a7-5e0b762a0383}"
EndProject
Project("{FAE04EC0-301F-11D3-BF4B-00C04F79EFBC}") = "Unity.ShaderGraph.Editor", "Unity.ShaderGraph.Editor.csproj", "{f1e533b1-12cb-bfc6-5399-1e9627f4d147}"
EndProject
Project("{FAE04EC0-301F-11D3-BF4B-00C04F79EFBC}") = "Unity.RenderPipelines.Universal.Editor", "Unity.RenderPipelines.Universal.Editor.csproj", "{e28d58af-e2ac-f11d-bf18-fe308dafc005}"
EndProject
Project("{FAE04EC0-301F-11D3-BF4B-00C04F79EFBC}") = "Unity.RenderPipelines.Core.Editor", "Unity.RenderPipelines.Core.Editor.csproj", "{e632baf9-3356-8145-1530-6bee1ee7c7cf}"
EndProject
Project("{FAE04EC0-301F-11D3-BF4B-00C04F79EFBC}") = "ColoredHeaderCreator.Editor", "ColoredHeaderCreator.Editor.csproj", "{4f3130af-0d6e-4f1e-bdcf-0ba6ef7d646d}"
EndProject
Project("{FAE04EC0-301F-11D3-BF4B-00C04F79EFBC}") = "UnityEditor.UI", "UnityEditor.UI.csproj", "{fe723bf1-9a68-5f33-a88c-72b88dffe5bc}"
EndProject
Project("{FAE04EC0-301F-11D3-BF4B-00C04F79EFBC}") = "PPv2URPConverters", "PPv2URPConverters.csproj", "{8c125a4f-155a-55e9-9d28-d26e07c8d09b}"
EndProject
Project("{FAE04EC0-301F-11D3-BF4B-00C04F79EFBC}") = "Unity.ShaderGraph.Utilities", "Unity.ShaderGraph.Utilities.csproj", "{e7ed0196-3372-a6ac-e3a6-cb604913e8b9}"
EndProject
Project("{FAE04EC0-301F-11D3-BF4B-00C04F79EFBC}") = "Assembly-CSharp-Editor", "Assembly-CSharp-Editor.csproj", "{8d40a9a2-030a-1bfc-15fa-48b86aa1a31e}"
EndProject
Global
	GlobalSection(SolutionConfigurationPlatforms) = preSolution
		Debug|Any CPU = Debug|Any CPU
	EndGlobalSection
	GlobalSection(ProjectConfigurationPlatforms) = postSolution
		{7bd9252a-543c-1d1d-e4bf-e6a80429c115}.Debug|Any CPU.ActiveCfg = Debug|Any CPU
		{7bd9252a-543c-1d1d-e4bf-e6a80429c115}.Debug|Any CPU.Build.0 = Debug|Any CPU
		{87327fcc-e02f-4ce6-1b16-e4f7180129d2}.Debug|Any CPU.ActiveCfg = Debug|Any CPU
		{87327fcc-e02f-4ce6-1b16-e4f7180129d2}.Debug|Any CPU.Build.0 = Debug|Any CPU
		{fdaa2147-5027-67dc-7faf-798137e2e045}.Debug|Any CPU.ActiveCfg = Debug|Any CPU
		{fdaa2147-5027-67dc-7faf-798137e2e045}.Debug|Any CPU.Build.0 = Debug|Any CPU
		{ca5a7e59-dbe5-6216-8a4e-fdbad3880936}.Debug|Any CPU.ActiveCfg = Debug|Any CPU
		{ca5a7e59-dbe5-6216-8a4e-fdbad3880936}.Debug|Any CPU.Build.0 = Debug|Any CPU
		{fcfc186e-3ff6-7e25-af09-b273c625e32e}.Debug|Any CPU.ActiveCfg = Debug|Any CPU
		{fcfc186e-3ff6-7e25-af09-b273c625e32e}.Debug|Any CPU.Build.0 = Debug|Any CPU
		{21413969-1aec-0bde-8358-9918d2ee83a3}.Debug|Any CPU.ActiveCfg = Debug|Any CPU
		{21413969-1aec-0bde-8358-9918d2ee83a3}.Debug|Any CPU.Build.0 = Debug|Any CPU
		{de04d854-315f-d813-bc5f-257a891024e0}.Debug|Any CPU.ActiveCfg = Debug|Any CPU
		{de04d854-315f-d813-bc5f-257a891024e0}.Debug|Any CPU.Build.0 = Debug|Any CPU
		{593285fe-8ba2-e28c-4410-e57dbc1b9a7b}.Debug|Any CPU.ActiveCfg = Debug|Any CPU
		{593285fe-8ba2-e28c-4410-e57dbc1b9a7b}.Debug|Any CPU.Build.0 = Debug|Any CPU
		{d0981ec6-854b-bbee-77a7-5e0b762a0383}.Debug|Any CPU.ActiveCfg = Debug|Any CPU
		{d0981ec6-854b-bbee-77a7-5e0b762a0383}.Debug|Any CPU.Build.0 = Debug|Any CPU
		{f1e533b1-12cb-bfc6-5399-1e9627f4d147}.Debug|Any CPU.ActiveCfg = Debug|Any CPU
		{f1e533b1-12cb-bfc6-5399-1e9627f4d147}.Debug|Any CPU.Build.0 = Debug|Any CPU
		{e28d58af-e2ac-f11d-bf18-fe308dafc005}.Debug|Any CPU.ActiveCfg = Debug|Any CPU
		{e28d58af-e2ac-f11d-bf18-fe308dafc005}.Debug|Any CPU.Build.0 = Debug|Any CPU
		{e632baf9-3356-8145-1530-6bee1ee7c7cf}.Debug|Any CPU.ActiveCfg = Debug|Any CPU
		{e632baf9-3356-8145-1530-6bee1ee7c7cf}.Debug|Any CPU.Build.0 = Debug|Any CPU
		{4f3130af-0d6e-4f1e-bdcf-0ba6ef7d646d}.Debug|Any CPU.ActiveCfg = Debug|Any CPU
		{4f3130af-0d6e-4f1e-bdcf-0ba6ef7d646d}.Debug|Any CPU.Build.0 = Debug|Any CPU
		{fe723bf1-9a68-5f33-a88c-72b88dffe5bc}.Debug|Any CPU.ActiveCfg = Debug|Any CPU
		{fe723bf1-9a68-5f33-a88c-72b88dffe5bc}.Debug|Any CPU.Build.0 = Debug|Any CPU
		{8c125a4f-155a-55e9-9d28-d26e07c8d09b}.Debug|Any CPU.ActiveCfg = Debug|Any CPU
		{8c125a4f-155a-55e9-9d28-d26e07c8d09b}.Debug|Any CPU.Build.0 = Debug|Any CPU
		{e7ed0196-3372-a6ac-e3a6-cb604913e8b9}.Debug|Any CPU.ActiveCfg = Debug|Any CPU
		{e7ed0196-3372-a6ac-e3a6-cb604913e8b9}.Debug|Any CPU.Build.0 = Debug|Any CPU
		{8d40a9a2-030a-1bfc-15fa-48b86aa1a31e}.Debug|Any CPU.ActiveCfg = Debug|Any CPU
		{8d40a9a2-030a-1bfc-15fa-48b86aa1a31e}.Debug|Any CPU.Build.0 = Debug|Any CPU
	EndGlobalSection
	GlobalSection(SolutionProperties) = preSolution
		HideSolutionNode = FALSE
	EndGlobalSection
EndGlobal
