
Microsoft Visual Studio Solution File, Format Version 12.00
# Visual Studio 15
Project("{FAE04EC0-301F-11D3-BF4B-00C04F79EFBC}") = "Assembly-CSharp", "Assembly-CSharp.csproj", "{4721AAFD-2750-DC67-7FAF-798137E2E045}"
EndProject
Project("{FAE04EC0-301F-11D3-BF4B-00C04F79EFBC}") = "ColoredHeaderCreator", "ColoredHeaderCreator.csproj", "{54D804DE-5F31-13D8-BC5F-257A891024E0}"
EndProject
Project("{FAE04EC0-301F-11D3-BF4B-00C04F79EFBC}") = "ColoredHeaderCreator.Editor", "ColoredHeaderCreator.Editor.csproj", "{AF30314F-6E0D-1E4F-BDCF-0BA6EF7D646D}"
EndProject
Project("{FAE04EC0-301F-11D3-BF4B-00C04F79EFBC}") = "Assembly-CSharp-Editor", "Assembly-CSharp-Editor.csproj", "{A2A9408D-0A03-FC1B-15FA-48B86AA1A31E}"
EndProject
Global
	GlobalSection(SolutionConfigurationPlatforms) = preSolution
		Debug|Any CPU = Debug|Any CPU
		Release|Any CPU = Release|Any CPU
	EndGlobalSection
	GlobalSection(ProjectConfigurationPlatforms) = postSolution
		{4721AAFD-2750-DC67-7FAF-798137E2E045}.Debug|Any CPU.ActiveCfg = Debug|Any CPU
		{4721AAFD-2750-DC67-7FAF-798137E2E045}.Debug|Any CPU.Build.0 = Debug|Any CPU
		{4721AAFD-2750-DC67-7FAF-798137E2E045}.Release|Any CPU.ActiveCfg = Release|Any CPU
		{4721AAFD-2750-DC67-7FAF-798137E2E045}.Release|Any CPU.Build.0 = Release|Any CPU
		{54D804DE-5F31-13D8-BC5F-257A891024E0}.Debug|Any CPU.ActiveCfg = Debug|Any CPU
		{54D804DE-5F31-13D8-BC5F-257A891024E0}.Debug|Any CPU.Build.0 = Debug|Any CPU
		{54D804DE-5F31-13D8-BC5F-257A891024E0}.Release|Any CPU.ActiveCfg = Release|Any CPU
		{54D804DE-5F31-13D8-BC5F-257A891024E0}.Release|Any CPU.Build.0 = Release|Any CPU
		{AF30314F-6E0D-1E4F-BDCF-0BA6EF7D646D}.Debug|Any CPU.ActiveCfg = Debug|Any CPU
		{AF30314F-6E0D-1E4F-BDCF-0BA6EF7D646D}.Debug|Any CPU.Build.0 = Debug|Any CPU
		{AF30314F-6E0D-1E4F-BDCF-0BA6EF7D646D}.Release|Any CPU.ActiveCfg = Release|Any CPU
		{AF30314F-6E0D-1E4F-BDCF-0BA6EF7D646D}.Release|Any CPU.Build.0 = Release|Any CPU
		{A2A9408D-0A03-FC1B-15FA-48B86AA1A31E}.Debug|Any CPU.ActiveCfg = Debug|Any CPU
		{A2A9408D-0A03-FC1B-15FA-48B86AA1A31E}.Debug|Any CPU.Build.0 = Debug|Any CPU
		{A2A9408D-0A03-FC1B-15FA-48B86AA1A31E}.Release|Any CPU.ActiveCfg = Release|Any CPU
		{A2A9408D-0A03-FC1B-15FA-48B86AA1A31E}.Release|Any CPU.Build.0 = Release|Any CPU
	EndGlobalSection
	GlobalSection(SolutionProperties) = preSolution
		HideSolutionNode = FALSE
	EndGlobalSection
EndGlobal
